
Microsoft Visual Studio Solution File, Format Version 12.00
# Visual Studio Version 16
VisualStudioVersion = 16.0.30503.244
MinimumVisualStudioVersion = 10.0.40219.1
Project("{FAE04EC0-301F-11D3-BF4B-00C04F79EFBC}") = "print duplicate nos in a collection", "print duplicate nos in a collection\print duplicate nos in a collection.csproj", "{3D494BE5-75DB-478B-80DC-880359BF5DE2}"
EndProject
Global
	GlobalSection(SolutionConfigurationPlatforms) = preSolution
		Debug|Any CPU = Debug|Any CPU
		Release|Any CPU = Release|Any CPU
	EndGlobalSection
	GlobalSection(ProjectConfigurationPlatforms) = postSolution
		{3D494BE5-75DB-478B-80DC-880359BF5DE2}.Debug|Any CPU.ActiveCfg = Debug|Any CPU
		{3D494BE5-75DB-478B-80DC-880359BF5DE2}.Debug|Any CPU.Build.0 = Debug|Any CPU
		{3D494BE5-75DB-478B-80DC-880359BF5DE2}.Release|Any CPU.ActiveCfg = Release|Any CPU
		{3D494BE5-75DB-478B-80DC-880359BF5DE2}.Release|Any CPU.Build.0 = Release|Any CPU
	EndGlobalSection
	GlobalSection(SolutionProperties) = preSolution
		HideSolutionNode = FALSE
	EndGlobalSection
	GlobalSection(ExtensibilityGlobals) = postSolution
		SolutionGuid = {4F4790BC-4632-49D0-9DA3-428E74885BED}
	EndGlobalSection
EndGlobal
